
Microsoft Visual Studio Solution File, Format Version 12.00
# Visual Studio Version 16
VisualStudioVersion = 16.0.29102.190
MinimumVisualStudioVersion = 10.0.40219.1
Project("{9A19103F-16F7-4668-BE54-9A1E7A4F7556}") = "ReczeptBot", "ReczeptBot.csproj", "{01EDA8FA-7E9C-44BF-99D4-95A52A10CCDF}"
EndProject
Project("{2150E333-8FDC-42A3-9474-1A3956D46DE8}") = "NewFolder1", "NewFolder1", "{48E50D28-DEF8-47A8-8756-DB18DF46183D}"
EndProject
Project("{9A19103F-16F7-4668-BE54-9A1E7A4F7556}") = "Noobot.Core", "Noobot.Core\Noobot.Core.csproj", "{5CB27276-613B-4D9E-9726-552CC050B0BC}"
EndProject
Project("{9A19103F-16F7-4668-BE54-9A1E7A4F7556}") = "Noobot.Console", "Noobot.Console\Noobot.Console.csproj", "{618B7EF2-FED1-449B-9476-510E07F4DABD}"
EndProject
Global
	GlobalSection(SolutionConfigurationPlatforms) = preSolution
		Debug|Any CPU = Debug|Any CPU
		Release|Any CPU = Release|Any CPU
	EndGlobalSection
	GlobalSection(ProjectConfigurationPlatforms) = postSolution
		{01EDA8FA-7E9C-44BF-99D4-95A52A10CCDF}.Debug|Any CPU.ActiveCfg = Debug|Any CPU
		{01EDA8FA-7E9C-44BF-99D4-95A52A10CCDF}.Debug|Any CPU.Build.0 = Debug|Any CPU
		{01EDA8FA-7E9C-44BF-99D4-95A52A10CCDF}.Release|Any CPU.ActiveCfg = Release|Any CPU
		{01EDA8FA-7E9C-44BF-99D4-95A52A10CCDF}.Release|Any CPU.Build.0 = Release|Any CPU
		{5CB27276-613B-4D9E-9726-552CC050B0BC}.Debug|Any CPU.ActiveCfg = Debug|Any CPU
		{5CB27276-613B-4D9E-9726-552CC050B0BC}.Debug|Any CPU.Build.0 = Debug|Any CPU
		{5CB27276-613B-4D9E-9726-552CC050B0BC}.Release|Any CPU.ActiveCfg = Release|Any CPU
		{5CB27276-613B-4D9E-9726-552CC050B0BC}.Release|Any CPU.Build.0 = Release|Any CPU
		{618B7EF2-FED1-449B-9476-510E07F4DABD}.Debug|Any CPU.ActiveCfg = Debug|Any CPU
		{618B7EF2-FED1-449B-9476-510E07F4DABD}.Debug|Any CPU.Build.0 = Debug|Any CPU
		{618B7EF2-FED1-449B-9476-510E07F4DABD}.Release|Any CPU.ActiveCfg = Release|Any CPU
		{618B7EF2-FED1-449B-9476-510E07F4DABD}.Release|Any CPU.Build.0 = Release|Any CPU
	EndGlobalSection
	GlobalSection(SolutionProperties) = preSolution
		HideSolutionNode = FALSE
	EndGlobalSection
	GlobalSection(ExtensibilityGlobals) = postSolution
		SolutionGuid = {E103C3D5-6A2B-4DE3-ADAC-CA86706DEA59}
	EndGlobalSection
EndGlobal
